
Microsoft Visual Studio Solution File, Format Version 12.00
# Visual Studio Version 16
VisualStudioVersion = 16.0.34114.132
MinimumVisualStudioVersion = 10.0.40219.1
Project("{FAE04EC0-301F-11D3-BF4B-00C04F79EFBC}") = "DummyClient", "DummyClient.csproj", "{97B44D51-EDC4-472D-B08B-5217F53547CC}"
EndProject
Global
	GlobalSection(SolutionConfigurationPlatforms) = preSolution
		Debug|Any CPU = Debug|Any CPU
		Release|Any CPU = Release|Any CPU
	EndGlobalSection
	GlobalSection(ProjectConfigurationPlatforms) = postSolution
		{97B44D51-EDC4-472D-B08B-5217F53547CC}.Debug|Any CPU.ActiveCfg = Debug|Any CPU
		{97B44D51-EDC4-472D-B08B-5217F53547CC}.Debug|Any CPU.Build.0 = Debug|Any CPU
		{97B44D51-EDC4-472D-B08B-5217F53547CC}.Release|Any CPU.ActiveCfg = Release|Any CPU
		{97B44D51-EDC4-472D-B08B-5217F53547CC}.Release|Any CPU.Build.0 = Release|Any CPU
	EndGlobalSection
	GlobalSection(SolutionProperties) = preSolution
		HideSolutionNode = FALSE
	EndGlobalSection
	GlobalSection(ExtensibilityGlobals) = postSolution
		SolutionGuid = {9C777A2A-6AAC-4DBD-8B68-4669231553C8}
	EndGlobalSection
EndGlobal
