
Microsoft Visual Studio Solution File, Format Version 12.00
# Visual Studio Version 17
VisualStudioVersion = 17.8.34316.72
MinimumVisualStudioVersion = 10.0.40219.1
Project("{FAE04EC0-301F-11D3-BF4B-00C04F79EFBC}") = "DatabaseAccess", "DatabaseAccess\DatabaseAccess.csproj", "{3D49AC05-EC73-478C-9B69-650F607A979C}"
EndProject
Project("{9A19103F-16F7-4668-BE54-9A1E7A4F7556}") = "UnitTestDatabase", "UnitTestDatabase\UnitTestDatabase.csproj", "{1B817E78-4C4A-4A94-94BC-EB52FC9EFF83}"
EndProject
Project("{FAE04EC0-301F-11D3-BF4B-00C04F79EFBC}") = "DatabaseExceptions", "DatabaseExceptions\DatabaseExceptions.csproj", "{6998BBE9-D3B9-42F6-A154-D1C33C75FA11}"
EndProject
Global
	GlobalSection(SolutionConfigurationPlatforms) = preSolution
		Debug|Any CPU = Debug|Any CPU
		Release|Any CPU = Release|Any CPU
	EndGlobalSection
	GlobalSection(ProjectConfigurationPlatforms) = postSolution
		{3D49AC05-EC73-478C-9B69-650F607A979C}.Debug|Any CPU.ActiveCfg = Debug|Any CPU
		{3D49AC05-EC73-478C-9B69-650F607A979C}.Debug|Any CPU.Build.0 = Debug|Any CPU
		{3D49AC05-EC73-478C-9B69-650F607A979C}.Release|Any CPU.ActiveCfg = Release|Any CPU
		{3D49AC05-EC73-478C-9B69-650F607A979C}.Release|Any CPU.Build.0 = Release|Any CPU
		{1B817E78-4C4A-4A94-94BC-EB52FC9EFF83}.Debug|Any CPU.ActiveCfg = Debug|Any CPU
		{1B817E78-4C4A-4A94-94BC-EB52FC9EFF83}.Debug|Any CPU.Build.0 = Debug|Any CPU
		{1B817E78-4C4A-4A94-94BC-EB52FC9EFF83}.Release|Any CPU.ActiveCfg = Release|Any CPU
		{1B817E78-4C4A-4A94-94BC-EB52FC9EFF83}.Release|Any CPU.Build.0 = Release|Any CPU
		{6998BBE9-D3B9-42F6-A154-D1C33C75FA11}.Debug|Any CPU.ActiveCfg = Debug|Any CPU
		{6998BBE9-D3B9-42F6-A154-D1C33C75FA11}.Debug|Any CPU.Build.0 = Debug|Any CPU
		{6998BBE9-D3B9-42F6-A154-D1C33C75FA11}.Release|Any CPU.ActiveCfg = Release|Any CPU
		{6998BBE9-D3B9-42F6-A154-D1C33C75FA11}.Release|Any CPU.Build.0 = Release|Any CPU
	EndGlobalSection
	GlobalSection(SolutionProperties) = preSolution
		HideSolutionNode = FALSE
	EndGlobalSection
	GlobalSection(ExtensibilityGlobals) = postSolution
		SolutionGuid = {532D0D5E-05F8-4A27-A51B-E87312762B63}
	EndGlobalSection
EndGlobal
